{
  "name": "tetris-engine-sample",
  "version": "1.0.0",
  "lockfileVersion": 1,
  "requires": true,
  "dependencies": {
    "tetris-engine": {
      "version": "1.2.2",
      "resolved": "https://registry.npmjs.org/tetris-engine/-/tetris-engine-1.2.2.tgz",
      "integrity": "sha512-Ea6mCCY3H/ca4aA26ujzRbJ+Odvd3QQJ/REaylbC+7Pd7e2i673dxj1sWwQS1xuHPIHETmiPa1xPiG7GavdWFQ=="
    }
  }
}
